<?xml version="1.0" encoding="utf-8"?>
<Project ToolsVersion="4.0" xmlns="http://schemas.microsoft.com/developer/msbuild/2003">
  <ItemGroup>
    <Filter Include="Source Files">
      <UniqueIdentifier>{4FC737F1-C7A5-4376-A066-2A32D752A2FF}</UniqueIdentifier>
      <Extensions>cpp;c;cc;cxx;def;odl;idl;hpj;bat;asm;asmx</Extensions>
    </Filter>
    <Filter Include="Header Files">
      <UniqueIdentifier>{93995380-89BD-4b04-88EB-625FBE52EBFB}</UniqueIdentifier>
      <Extensions>h;hh;hpp;hxx;hm;inl;inc;xsd</Extensions>
    </Filter>
    <Filter Include="Week1">
      <UniqueIdentifier>{6469432c-2a1e-411f-a745-f6b8fe556dad}</UniqueIdentifier>
    </Filter>
    <Filter Include="Header Files\Finite State Machine">
      <UniqueIdentifier>{fe25a1eb-3bb2-46a2-8e76-a0b374692108}</UniqueIdentifier>
    </Filter>
    <Filter Include="Header Files\A%2a">
      <UniqueIdentifier>{15167470-3618-4964-8763-b2176637c800}</UniqueIdentifier>
    </Filter>
    <Filter Include="Source Files\Finite State Machine">
      <UniqueIdentifier>{cc64c094-586b-4172-a6c9-e768ca7f9ab8}</UniqueIdentifier>
    </Filter>
    <Filter Include="Source Files\A%2a">
      <UniqueIdentifier>{4c768efe-88fb-441e-8d3b-11d82f37dd33}</UniqueIdentifier>
    </Filter>
  </ItemGroup>
  <ItemGroup>
    <ClCompile Include="Main.cpp">
      <Filter>Source Files</Filter>
    </ClCompile>
    <ClCompile Include="FWApplication.cpp">
      <Filter>Source Files</Filter>
    </ClCompile>
    <ClCompile Include="Edge.cpp">
      <Filter>Source Files\A%2a</Filter>
    </ClCompile>
    <ClCompile Include="Graph.cpp">
      <Filter>Source Files\A%2a</Filter>
    </ClCompile>
    <ClCompile Include="Vertex.cpp">
      <Filter>Source Files\A%2a</Filter>
    </ClCompile>
    <ClCompile Include="StateFactory.cpp">
      <Filter>Source Files\Finite State Machine</Filter>
    </ClCompile>
    <ClCompile Include="EntityState.cpp">
      <Filter>Source Files\Finite State Machine</Filter>
    </ClCompile>
    <ClCompile Include="Entity.cpp">
      <Filter>Source Files\Finite State Machine</Filter>
    </ClCompile>
    <ClCompile Include="WanderingState.cpp">
      <Filter>Source Files\Finite State Machine</Filter>
    </ClCompile>
    <ClCompile Include="ChaseState.cpp">
      <Filter>Source Files\Finite State Machine</Filter>
    </ClCompile>
    <ClCompile Include="FleeState.cpp">
      <Filter>Source Files\Finite State Machine</Filter>
    </ClCompile>
    <ClCompile Include="IdleState.cpp">
      <Filter>Source Files</Filter>
    </ClCompile>
  </ItemGroup>
  <ItemGroup>
    <None Include="SDL2.dll" />
  </ItemGroup>
  <ItemGroup>
    <ClInclude Include="Config.h">
      <Filter>Header Files</Filter>
    </ClInclude>
    <ClInclude Include="FWApplication.h">
      <Filter>Header Files</Filter>
    </ClInclude>
    <ClInclude Include="IGameObject.h">
      <Filter>Header Files</Filter>
    </ClInclude>
    <ClInclude Include="resource.h">
      <Filter>Header Files</Filter>
    </ClInclude>
    <ClInclude Include="EntityState.h">
      <Filter>Header Files\Finite State Machine</Filter>
    </ClInclude>
    <ClInclude Include="StateFactory.h">
      <Filter>Header Files\Finite State Machine</Filter>
    </ClInclude>
    <ClInclude Include="Edge.h">
      <Filter>Header Files\A%2a</Filter>
    </ClInclude>
    <ClInclude Include="Vertex.h">
      <Filter>Header Files\A%2a</Filter>
    </ClInclude>
    <ClInclude Include="Graph.h">
      <Filter>Header Files\A%2a</Filter>
    </ClInclude>
    <ClInclude Include="Entity.h">
      <Filter>Header Files\Finite State Machine</Filter>
    </ClInclude>
    <ClInclude Include="State.h">
      <Filter>Header Files\Finite State Machine</Filter>
    </ClInclude>
    <ClInclude Include="WanderingState.h">
      <Filter>Header Files\Finite State Machine</Filter>
    </ClInclude>
    <ClInclude Include="FleeState.h">
      <Filter>Header Files\Finite State Machine</Filter>
    </ClInclude>
    <ClInclude Include="IdleState.h">
      <Filter>Header Files</Filter>
    </ClInclude>
    <ClInclude Include="ChaseState.h">
      <Filter>Header Files\Finite State Machine</Filter>
    </ClInclude>
  </ItemGroup>
  <ItemGroup>
    <ResourceCompile Include="SDLFramework.rc" />
  </ItemGroup>
</Project>